
Microsoft Visual Studio Solution File, Format Version 12.00
Project("{FAE04EC0-301F-11D3-BF4B-00C04F79EFBC}") = "AntlrDenter", "AntlrDenter\AntlrDenter.csproj", "{590BFE38-411D-446B-A2BC-0B25A38D013D}"
EndProject
Project("{FAE04EC0-301F-11D3-BF4B-00C04F79EFBC}") = "AntlrDenterTest", "AntlrDenterTest\AntlrDenterTest.csproj", "{ED9808B1-63C6-41C0-A0F9-8BFAF8235044}"
EndProject
Global
	GlobalSection(SolutionConfigurationPlatforms) = preSolution
		Debug|Any CPU = Debug|Any CPU
		Release|Any CPU = Release|Any CPU
	EndGlobalSection
	GlobalSection(ProjectConfigurationPlatforms) = postSolution
		{590BFE38-411D-446B-A2BC-0B25A38D013D}.Debug|Any CPU.ActiveCfg = Debug|Any CPU
		{590BFE38-411D-446B-A2BC-0B25A38D013D}.Debug|Any CPU.Build.0 = Debug|Any CPU
		{590BFE38-411D-446B-A2BC-0B25A38D013D}.Release|Any CPU.ActiveCfg = Release|Any CPU
		{590BFE38-411D-446B-A2BC-0B25A38D013D}.Release|Any CPU.Build.0 = Release|Any CPU
		{ED9808B1-63C6-41C0-A0F9-8BFAF8235044}.Debug|Any CPU.ActiveCfg = Debug|Any CPU
		{ED9808B1-63C6-41C0-A0F9-8BFAF8235044}.Debug|Any CPU.Build.0 = Debug|Any CPU
		{ED9808B1-63C6-41C0-A0F9-8BFAF8235044}.Release|Any CPU.ActiveCfg = Release|Any CPU
		{ED9808B1-63C6-41C0-A0F9-8BFAF8235044}.Release|Any CPU.Build.0 = Release|Any CPU
	EndGlobalSection
EndGlobal
