
Microsoft Visual Studio Solution File, Format Version 12.00
Project("{FAE04EC0-301F-11D3-BF4B-00C04F79EFBC}") = "AntlrDenter", "AntlrDenter.csproj", "{DC44DDEC-FA3D-488C-A9AA-A388F206BCF7}"
EndProject
Global
	GlobalSection(SolutionConfigurationPlatforms) = preSolution
		Debug|Any CPU = Debug|Any CPU
		Release|Any CPU = Release|Any CPU
	EndGlobalSection
	GlobalSection(ProjectConfigurationPlatforms) = postSolution
		{DC44DDEC-FA3D-488C-A9AA-A388F206BCF7}.Debug|Any CPU.ActiveCfg = Debug|Any CPU
		{DC44DDEC-FA3D-488C-A9AA-A388F206BCF7}.Debug|Any CPU.Build.0 = Debug|Any CPU
		{DC44DDEC-FA3D-488C-A9AA-A388F206BCF7}.Release|Any CPU.ActiveCfg = Release|Any CPU
		{DC44DDEC-FA3D-488C-A9AA-A388F206BCF7}.Release|Any CPU.Build.0 = Release|Any CPU
	EndGlobalSection
EndGlobal
